
Microsoft Visual Studio Solution File, Format Version 12.00
# Visual Studio Version 17
VisualStudioVersion = 17.0.32014.148
MinimumVisualStudioVersion = 10.0.40219.1
Project("{9A19103F-16F7-4668-BE54-9A1E7A4F7556}") = "RestBreakService", "RestBreakApp\RestBreakService.csproj", "{C58A7AE2-A394-46F5-80D6-EE052F3588CB}"
EndProject
Project("{FAE04EC0-301F-11D3-BF4B-00C04F79EFBC}") = "RestTray", "RestTray\RestTray.csproj", "{9B48E818-9CD4-4ACB-8257-0FCA1AB09A43}"
EndProject
Global
	GlobalSection(SolutionConfigurationPlatforms) = preSolution
		Debug|Any CPU = Debug|Any CPU
		Release|Any CPU = Release|Any CPU
	EndGlobalSection
	GlobalSection(ProjectConfigurationPlatforms) = postSolution
		{C58A7AE2-A394-46F5-80D6-EE052F3588CB}.Debug|Any CPU.ActiveCfg = Debug|Any CPU
		{C58A7AE2-A394-46F5-80D6-EE052F3588CB}.Debug|Any CPU.Build.0 = Debug|Any CPU
		{C58A7AE2-A394-46F5-80D6-EE052F3588CB}.Release|Any CPU.ActiveCfg = Release|Any CPU
		{C58A7AE2-A394-46F5-80D6-EE052F3588CB}.Release|Any CPU.Build.0 = Release|Any CPU
		{9B48E818-9CD4-4ACB-8257-0FCA1AB09A43}.Debug|Any CPU.ActiveCfg = Debug|Any CPU
		{9B48E818-9CD4-4ACB-8257-0FCA1AB09A43}.Debug|Any CPU.Build.0 = Debug|Any CPU
		{9B48E818-9CD4-4ACB-8257-0FCA1AB09A43}.Release|Any CPU.ActiveCfg = Release|Any CPU
		{9B48E818-9CD4-4ACB-8257-0FCA1AB09A43}.Release|Any CPU.Build.0 = Release|Any CPU
	EndGlobalSection
	GlobalSection(SolutionProperties) = preSolution
		HideSolutionNode = FALSE
	EndGlobalSection
	GlobalSection(ExtensibilityGlobals) = postSolution
		SolutionGuid = {2B77D653-ED07-42CD-888E-44D0A25E2DBB}
	EndGlobalSection
EndGlobal
